
Microsoft Visual Studio Solution File, Format Version 12.00
# Visual Studio Version 17
VisualStudioVersion = 17.1.32421.90
MinimumVisualStudioVersion = 10.0.40219.1
Project("{9A19103F-16F7-4668-BE54-9A1E7A4F7556}") = "FilmesAPI", "FilmesAPI\FilmesAPI.csproj", "{95F7FF2B-8DA0-44EC-BFEB-7F72F3EE1892}"
EndProject
Global
	GlobalSection(SolutionConfigurationPlatforms) = preSolution
		Debug|Any CPU = Debug|Any CPU
		Release|Any CPU = Release|Any CPU
	EndGlobalSection
	GlobalSection(ProjectConfigurationPlatforms) = postSolution
		{95F7FF2B-8DA0-44EC-BFEB-7F72F3EE1892}.Debug|Any CPU.ActiveCfg = Debug|Any CPU
		{95F7FF2B-8DA0-44EC-BFEB-7F72F3EE1892}.Debug|Any CPU.Build.0 = Debug|Any CPU
		{95F7FF2B-8DA0-44EC-BFEB-7F72F3EE1892}.Release|Any CPU.ActiveCfg = Release|Any CPU
		{95F7FF2B-8DA0-44EC-BFEB-7F72F3EE1892}.Release|Any CPU.Build.0 = Release|Any CPU
	EndGlobalSection
	GlobalSection(SolutionProperties) = preSolution
		HideSolutionNode = FALSE
	EndGlobalSection
	GlobalSection(ExtensibilityGlobals) = postSolution
		SolutionGuid = {25656E45-DA36-47E6-8AE0-1AD9EBFB4C05}
	EndGlobalSection
EndGlobal
